
Microsoft Visual Studio Solution File, Format Version 12.00
# Visual Studio 15
VisualStudioVersion = 15.0.28307.645
MinimumVisualStudioVersion = 10.0.40219.1
Project("{FAE04EC0-301F-11D3-BF4B-00C04F79EFBC}") = "DND", "DND\DND.csproj", "{7F11B766-39A6-4AD5-B8FB-95E0787CB4A3}"
EndProject
Project("{FAE04EC0-301F-11D3-BF4B-00C04F79EFBC}") = "DND.UI", "DND.UI\DND.UI.csproj", "{409E0DDB-CA42-40FC-844E-CBA2A8106E0D}"
EndProject
Project("{FAE04EC0-301F-11D3-BF4B-00C04F79EFBC}") = "DND.TestHelper", "DND.TestHelper\DND.TestHelper.csproj", "{900B15B6-2C6D-49D6-875B-702219C7F7FE}"
EndProject
Project("{FAE04EC0-301F-11D3-BF4B-00C04F79EFBC}") = "DND.Data", "DND.Data\DND.Data.csproj", "{376CED1C-10EE-4E81-9127-269E2D49D55D}"
EndProject
Project("{9A19103F-16F7-4668-BE54-9A1E7A4F7556}") = "DND.Test", "DND.Test\DND.Test.csproj", "{A0F343CD-5CFF-4BF7-9BA0-CE3ABC7B481D}"
EndProject
Project("{9A19103F-16F7-4668-BE54-9A1E7A4F7556}") = "DND.Data.Test", "DND.Data.Test\DND.Data.Test.csproj", "{EF27B7B2-055A-43B8-9BBF-3ABB54FC6478}"
EndProject
Project("{FAE04EC0-301F-11D3-BF4B-00C04F79EFBC}") = "Cashew.Data", "Cashew.Data\Cashew.Data.csproj", "{C89D4F81-EFF8-4114-AB16-4EED9D95AD57}"
EndProject
Project("{FAE04EC0-301F-11D3-BF4B-00C04F79EFBC}") = "Cashew.UI.WPF.MVVM", "Cashew.UI.WPF.MVVM\Cashew.UI.WPF.MVVM.csproj", "{5CF46F5F-3C9B-4404-9192-AD5AF6F4834C}"
EndProject
Project("{FAE04EC0-301F-11D3-BF4B-00C04F79EFBC}") = "Cashew.UI", "Cashew.UI\Cashew.UI.csproj", "{88F86612-72A6-45C1-AD88-5183E9C45BC8}"
EndProject
Project("{FAE04EC0-301F-11D3-BF4B-00C04F79EFBC}") = "Cashew.UI.WPF", "Cashew.UI.WPF\Cashew.UI.WPF.csproj", "{08753F96-F6B3-42F6-99C2-29A694B14454}"
EndProject
Project("{FAE04EC0-301F-11D3-BF4B-00C04F79EFBC}") = "Cashew.Math", "Cashew.Math\Cashew.Math.csproj", "{D96190EF-EA26-4EAC-A8A3-8578F787CB5C}"
EndProject
Project("{FAE04EC0-301F-11D3-BF4B-00C04F79EFBC}") = "DND.Con", "DND.Con\DND.Con.csproj", "{97D15579-8C38-4D61-93D1-223D914184F6}"
EndProject
Project("{FAE04EC0-301F-11D3-BF4B-00C04F79EFBC}") = "Cashew.Resharper", "Cashew.Resharper\Cashew.Resharper.csproj", "{66AAF95A-4659-40E9-8544-BC380F729B2A}"
EndProject
Global
	GlobalSection(SolutionConfigurationPlatforms) = preSolution
		Debug|Any CPU = Debug|Any CPU
		Release|Any CPU = Release|Any CPU
	EndGlobalSection
	GlobalSection(ProjectConfigurationPlatforms) = postSolution
		{7F11B766-39A6-4AD5-B8FB-95E0787CB4A3}.Debug|Any CPU.ActiveCfg = Debug|Any CPU
		{7F11B766-39A6-4AD5-B8FB-95E0787CB4A3}.Debug|Any CPU.Build.0 = Debug|Any CPU
		{7F11B766-39A6-4AD5-B8FB-95E0787CB4A3}.Release|Any CPU.ActiveCfg = Release|Any CPU
		{7F11B766-39A6-4AD5-B8FB-95E0787CB4A3}.Release|Any CPU.Build.0 = Release|Any CPU
		{409E0DDB-CA42-40FC-844E-CBA2A8106E0D}.Debug|Any CPU.ActiveCfg = Debug|Any CPU
		{409E0DDB-CA42-40FC-844E-CBA2A8106E0D}.Debug|Any CPU.Build.0 = Debug|Any CPU
		{409E0DDB-CA42-40FC-844E-CBA2A8106E0D}.Release|Any CPU.ActiveCfg = Release|Any CPU
		{409E0DDB-CA42-40FC-844E-CBA2A8106E0D}.Release|Any CPU.Build.0 = Release|Any CPU
		{900B15B6-2C6D-49D6-875B-702219C7F7FE}.Debug|Any CPU.ActiveCfg = Debug|Any CPU
		{900B15B6-2C6D-49D6-875B-702219C7F7FE}.Debug|Any CPU.Build.0 = Debug|Any CPU
		{900B15B6-2C6D-49D6-875B-702219C7F7FE}.Release|Any CPU.ActiveCfg = Release|Any CPU
		{900B15B6-2C6D-49D6-875B-702219C7F7FE}.Release|Any CPU.Build.0 = Release|Any CPU
		{376CED1C-10EE-4E81-9127-269E2D49D55D}.Debug|Any CPU.ActiveCfg = Debug|Any CPU
		{376CED1C-10EE-4E81-9127-269E2D49D55D}.Debug|Any CPU.Build.0 = Debug|Any CPU
		{376CED1C-10EE-4E81-9127-269E2D49D55D}.Release|Any CPU.ActiveCfg = Release|Any CPU
		{376CED1C-10EE-4E81-9127-269E2D49D55D}.Release|Any CPU.Build.0 = Release|Any CPU
		{A0F343CD-5CFF-4BF7-9BA0-CE3ABC7B481D}.Debug|Any CPU.ActiveCfg = Debug|Any CPU
		{A0F343CD-5CFF-4BF7-9BA0-CE3ABC7B481D}.Debug|Any CPU.Build.0 = Debug|Any CPU
		{A0F343CD-5CFF-4BF7-9BA0-CE3ABC7B481D}.Release|Any CPU.ActiveCfg = Release|Any CPU
		{A0F343CD-5CFF-4BF7-9BA0-CE3ABC7B481D}.Release|Any CPU.Build.0 = Release|Any CPU
		{EF27B7B2-055A-43B8-9BBF-3ABB54FC6478}.Debug|Any CPU.ActiveCfg = Debug|Any CPU
		{EF27B7B2-055A-43B8-9BBF-3ABB54FC6478}.Debug|Any CPU.Build.0 = Debug|Any CPU
		{EF27B7B2-055A-43B8-9BBF-3ABB54FC6478}.Release|Any CPU.ActiveCfg = Release|Any CPU
		{EF27B7B2-055A-43B8-9BBF-3ABB54FC6478}.Release|Any CPU.Build.0 = Release|Any CPU
		{C89D4F81-EFF8-4114-AB16-4EED9D95AD57}.Debug|Any CPU.ActiveCfg = Debug|Any CPU
		{C89D4F81-EFF8-4114-AB16-4EED9D95AD57}.Debug|Any CPU.Build.0 = Debug|Any CPU
		{C89D4F81-EFF8-4114-AB16-4EED9D95AD57}.Release|Any CPU.ActiveCfg = Release|Any CPU
		{C89D4F81-EFF8-4114-AB16-4EED9D95AD57}.Release|Any CPU.Build.0 = Release|Any CPU
		{5CF46F5F-3C9B-4404-9192-AD5AF6F4834C}.Debug|Any CPU.ActiveCfg = Debug|Any CPU
		{5CF46F5F-3C9B-4404-9192-AD5AF6F4834C}.Debug|Any CPU.Build.0 = Debug|Any CPU
		{5CF46F5F-3C9B-4404-9192-AD5AF6F4834C}.Release|Any CPU.ActiveCfg = Release|Any CPU
		{5CF46F5F-3C9B-4404-9192-AD5AF6F4834C}.Release|Any CPU.Build.0 = Release|Any CPU
		{88F86612-72A6-45C1-AD88-5183E9C45BC8}.Debug|Any CPU.ActiveCfg = Debug|Any CPU
		{88F86612-72A6-45C1-AD88-5183E9C45BC8}.Debug|Any CPU.Build.0 = Debug|Any CPU
		{88F86612-72A6-45C1-AD88-5183E9C45BC8}.Release|Any CPU.ActiveCfg = Release|Any CPU
		{88F86612-72A6-45C1-AD88-5183E9C45BC8}.Release|Any CPU.Build.0 = Release|Any CPU
		{08753F96-F6B3-42F6-99C2-29A694B14454}.Debug|Any CPU.ActiveCfg = Debug|Any CPU
		{08753F96-F6B3-42F6-99C2-29A694B14454}.Debug|Any CPU.Build.0 = Debug|Any CPU
		{08753F96-F6B3-42F6-99C2-29A694B14454}.Release|Any CPU.ActiveCfg = Release|Any CPU
		{08753F96-F6B3-42F6-99C2-29A694B14454}.Release|Any CPU.Build.0 = Release|Any CPU
		{D96190EF-EA26-4EAC-A8A3-8578F787CB5C}.Debug|Any CPU.ActiveCfg = Debug|Any CPU
		{D96190EF-EA26-4EAC-A8A3-8578F787CB5C}.Debug|Any CPU.Build.0 = Debug|Any CPU
		{D96190EF-EA26-4EAC-A8A3-8578F787CB5C}.Release|Any CPU.ActiveCfg = Release|Any CPU
		{D96190EF-EA26-4EAC-A8A3-8578F787CB5C}.Release|Any CPU.Build.0 = Release|Any CPU
		{97D15579-8C38-4D61-93D1-223D914184F6}.Debug|Any CPU.ActiveCfg = Debug|Any CPU
		{97D15579-8C38-4D61-93D1-223D914184F6}.Debug|Any CPU.Build.0 = Debug|Any CPU
		{97D15579-8C38-4D61-93D1-223D914184F6}.Release|Any CPU.ActiveCfg = Release|Any CPU
		{97D15579-8C38-4D61-93D1-223D914184F6}.Release|Any CPU.Build.0 = Release|Any CPU
		{66AAF95A-4659-40E9-8544-BC380F729B2A}.Debug|Any CPU.ActiveCfg = Debug|Any CPU
		{66AAF95A-4659-40E9-8544-BC380F729B2A}.Debug|Any CPU.Build.0 = Debug|Any CPU
		{66AAF95A-4659-40E9-8544-BC380F729B2A}.Release|Any CPU.ActiveCfg = Release|Any CPU
		{66AAF95A-4659-40E9-8544-BC380F729B2A}.Release|Any CPU.Build.0 = Release|Any CPU
	EndGlobalSection
	GlobalSection(SolutionProperties) = preSolution
		HideSolutionNode = FALSE
	EndGlobalSection
	GlobalSection(ExtensibilityGlobals) = postSolution
		SolutionGuid = {575F7BB0-4D08-4AE9-A6F4-1707CFBCD175}
	EndGlobalSection
EndGlobal
